
Microsoft Visual Studio Solution File, Format Version 12.00
# Visual Studio Version 17
VisualStudioVersion = 17.14.37203.1 d17.14
MinimumVisualStudioVersion = 10.0.40219.1
Project("{FAE04EC0-301F-11D3-BF4B-00C04F79EFBC}") = "AlexRamos.HabitTracker", "AlexRamos.HabitTracker\AlexRamos.HabitTracker.csproj", "{12A61E74-FFB4-4032-B3D7-0B94CD04568A}"
EndProject
Global
	GlobalSection(SolutionConfigurationPlatforms) = preSolution
		Debug|Any CPU = Debug|Any CPU
		Release|Any CPU = Release|Any CPU
	EndGlobalSection
	GlobalSection(ProjectConfigurationPlatforms) = postSolution
		{12A61E74-FFB4-4032-B3D7-0B94CD04568A}.Debug|Any CPU.ActiveCfg = Debug|Any CPU
		{12A61E74-FFB4-4032-B3D7-0B94CD04568A}.Debug|Any CPU.Build.0 = Debug|Any CPU
		{12A61E74-FFB4-4032-B3D7-0B94CD04568A}.Release|Any CPU.ActiveCfg = Release|Any CPU
		{12A61E74-FFB4-4032-B3D7-0B94CD04568A}.Release|Any CPU.Build.0 = Release|Any CPU
	EndGlobalSection
	GlobalSection(SolutionProperties) = preSolution
		HideSolutionNode = FALSE
	EndGlobalSection
	GlobalSection(ExtensibilityGlobals) = postSolution
		SolutionGuid = {5F9EE63D-9B34-4515-B7FF-FC6BD53B5503}
	EndGlobalSection
EndGlobal
